// !$*UTF8*$!
{
	archiveVersion = 1;
	classes = {
	};
	objectVersion = 46;
	objects = {

/* Begin PBXBuildFile section */
		430079591973A705003DB064 /* CoreFoundation.framework in Frameworks */ = {isa = PBXBuildFile; fileRef = 430079581973A705003DB064 /* CoreFoundation.framework */; };
		430F16E6196F8D5F0083B252 /* adler32.cpp in Sources */ = {isa = PBXBuildFile; fileRef = 430F16C1196F8D5F0083B252 /* adler32.cpp */; };
		430F16E8196F8D5F0083B252 /* CsvParser.cpp in Sources */ = {isa = PBXBuildFile; fileRef = 430F16C5196F8D5F0083B252 /* CsvParser.cpp */; };
		430F16E9196F8D5F0083B252 /* DataStream.cpp in Sources */ = {isa = PBXBuildFile; fileRef = 430F16C7196F8D5F0083B252 /* DataStream.cpp */; };
		430F16EC196F8D5F0083B252 /* md5.cpp in Sources */ = {isa = PBXBuildFile; fileRef = 430F16CE196F8D5F0083B252 /* md5.cpp */; };
		430F16EE196F8D5F0083B252 /* public.cpp in Sources */ = {isa = PBXBuildFile; fileRef = 430F16D3196F8D5F0083B252 /* public.cpp */; };
		430F16EF196F8D5F0083B252 /* Rect.cpp in Sources */ = {isa = PBXBuildFile; fileRef = 430F16D5196F8D5F0083B252 /* Rect.cpp */; };
		430F16F0196F8D5F0083B252 /* StringUtil.cpp in Sources */ = {isa = PBXBuildFile; fileRef = 430F16D8196F8D5F0083B252 /* StringUtil.cpp */; };
		430F16F1196F8D5F0083B252 /* SystemUtil.cpp in Sources */ = {isa = PBXBuildFile; fileRef = 430F16DA196F8D5F0083B252 /* SystemUtil.cpp */; };
		430F16F2196F8D5F0083B252 /* XmlParser.cpp in Sources */ = {isa = PBXBuildFile; fileRef = 430F16DE196F8D5F0083B252 /* XmlParser.cpp */; };
		430F16F3196F8D5F0083B252 /* zThread.cpp in Sources */ = {isa = PBXBuildFile; fileRef = 430F16E4196F8D5F0083B252 /* zThread.cpp */; };
		430F16FC196F8DC10083B252 /* tinystr.cpp in Sources */ = {isa = PBXBuildFile; fileRef = 430F16F6196F8DC10083B252 /* tinystr.cpp */; };
		430F16FD196F8DC10083B252 /* tinyxml.cpp in Sources */ = {isa = PBXBuildFile; fileRef = 430F16F7196F8DC10083B252 /* tinyxml.cpp */; };
		430F16FE196F8DC10083B252 /* tinyxmlerror.cpp in Sources */ = {isa = PBXBuildFile; fileRef = 430F16F8196F8DC10083B252 /* tinyxmlerror.cpp */; };
		430F16FF196F8DC10083B252 /* tinyxmlparser.cpp in Sources */ = {isa = PBXBuildFile; fileRef = 430F16F9196F8DC10083B252 /* tinyxmlparser.cpp */; };
		43247A541987339300AF14C7 /* MediaSample.cpp in Sources */ = {isa = PBXBuildFile; fileRef = 43247A521987339300AF14C7 /* MediaSample.cpp */; };
		43247A7819876FC700AF14C7 /* RTChatSDKMain.cpp in Sources */ = {isa = PBXBuildFile; fileRef = 43247A74198741BC00AF14C7 /* RTChatSDKMain.cpp */; };
		433E66C31987A2A10002AAC3 /* RTChatSdk.h in Headers */ = {isa = PBXBuildFile; fileRef = 43247A731987412100AF14C7 /* RTChatSdk.h */; settings = {ATTRIBUTES = (Public, ); }; };
		433E66DE1987AAD10002AAC3 /* common_types.h in Headers */ = {isa = PBXBuildFile; fileRef = 433E66CC1987AAD10002AAC3 /* common_types.h */; };
		433E66DF1987AAD10002AAC3 /* channel_transport.cc in Sources */ = {isa = PBXBuildFile; fileRef = 433E66CF1987AAD10002AAC3 /* channel_transport.cc */; };
		433E66E01987AAD10002AAC3 /* channel_transport.h in Headers */ = {isa = PBXBuildFile; fileRef = 433E66D11987AAD10002AAC3 /* channel_transport.h */; };
		433E66E11987AAD10002AAC3 /* udp_socket_manager_posix.cc in Sources */ = {isa = PBXBuildFile; fileRef = 433E66D21987AAD10002AAC3 /* udp_socket_manager_posix.cc */; };
		433E66E21987AAD10002AAC3 /* udp_socket_manager_posix.h in Headers */ = {isa = PBXBuildFile; fileRef = 433E66D31987AAD10002AAC3 /* udp_socket_manager_posix.h */; };
		433E66E31987AAD10002AAC3 /* udp_socket_manager_wrapper.cc in Sources */ = {isa = PBXBuildFile; fileRef = 433E66D41987AAD10002AAC3 /* udp_socket_manager_wrapper.cc */; };
		433E66E41987AAD10002AAC3 /* udp_socket_manager_wrapper.h in Headers */ = {isa = PBXBuildFile; fileRef = 433E66D51987AAD10002AAC3 /* udp_socket_manager_wrapper.h */; };
		433E66E51987AAD10002AAC3 /* udp_socket_posix.cc in Sources */ = {isa = PBXBuildFile; fileRef = 433E66D61987AAD10002AAC3 /* udp_socket_posix.cc */; };
		433E66E61987AAD10002AAC3 /* udp_socket_posix.h in Headers */ = {isa = PBXBuildFile; fileRef = 433E66D71987AAD10002AAC3 /* udp_socket_posix.h */; };
		433E66E71987AAD10002AAC3 /* udp_socket_wrapper.cc in Sources */ = {isa = PBXBuildFile; fileRef = 433E66D81987AAD10002AAC3 /* udp_socket_wrapper.cc */; };
		433E66E81987AAD10002AAC3 /* udp_socket_wrapper.h in Headers */ = {isa = PBXBuildFile; fileRef = 433E66D91987AAD10002AAC3 /* udp_socket_wrapper.h */; };
		433E66E91987AAD10002AAC3 /* udp_transport.h in Headers */ = {isa = PBXBuildFile; fileRef = 433E66DA1987AAD10002AAC3 /* udp_transport.h */; };
		433E66EA1987AAD10002AAC3 /* udp_transport_impl.cc in Sources */ = {isa = PBXBuildFile; fileRef = 433E66DB1987AAD10002AAC3 /* udp_transport_impl.cc */; };
		433E66EB1987AAD10002AAC3 /* udp_transport_impl.h in Headers */ = {isa = PBXBuildFile; fileRef = 433E66DC1987AAD10002AAC3 /* udp_transport_impl.h */; };
		433E66EC1987AAD10002AAC3 /* typedefs.h in Headers */ = {isa = PBXBuildFile; fileRef = 433E66DD1987AAD10002AAC3 /* typedefs.h */; };
		435E03B2196E7D9F000C3012 /* Foundation.framework in Frameworks */ = {isa = PBXBuildFile; fileRef = 435E03B1196E7D9F000C3012 /* Foundation.framework */; };
		435E03D8196E813C000C3012 /* AudioToolbox.framework in Frameworks */ = {isa = PBXBuildFile; fileRef = 435E03D7196E813C000C3012 /* AudioToolbox.framework */; };
		435E03E5196E8333000C3012 /* CADebugMacros.cpp in Sources */ = {isa = PBXBuildFile; fileRef = 435E03DE196E8333000C3012 /* CADebugMacros.cpp */; };
		435E03E6196E8333000C3012 /* CAStreamBasicDescription.cpp in Sources */ = {isa = PBXBuildFile; fileRef = 435E03E1196E8333000C3012 /* CAStreamBasicDescription.cpp */; };
		435E03E7196E8333000C3012 /* CAXException.cpp in Sources */ = {isa = PBXBuildFile; fileRef = 435E03E3196E8333000C3012 /* CAXException.cpp */; };
		43998BAC1986363F003C5793 /* libwebsockets.a in Frameworks */ = {isa = PBXBuildFile; fileRef = 43998BAB1986363F003C5793 /* libwebsockets.a */; };
		43998BAF198636DA003C5793 /* WebSocket.cpp in Sources */ = {isa = PBXBuildFile; fileRef = 43998BAD198636DA003C5793 /* WebSocket.cpp */; };
		43998D71198656B5003C5793 /* game.pb.cc in Sources */ = {isa = PBXBuildFile; fileRef = 43998D6F198656B5003C5793 /* game.pb.cc */; };
		43998D751986570C003C5793 /* netdatamanager.cpp in Sources */ = {isa = PBXBuildFile; fileRef = 43998D72198656D3003C5793 /* netdatamanager.cpp */; };
		43998DC419865C28003C5793 /* descriptor.cc in Sources */ = {isa = PBXBuildFile; fileRef = 43998D8219865C28003C5793 /* descriptor.cc */; };
		43998DC519865C28003C5793 /* descriptor.pb.cc in Sources */ = {isa = PBXBuildFile; fileRef = 43998D8419865C28003C5793 /* descriptor.pb.cc */; };
		43998DC619865C28003C5793 /* descriptor_database.cc in Sources */ = {isa = PBXBuildFile; fileRef = 43998D8719865C28003C5793 /* descriptor_database.cc */; };
		43998DC719865C28003C5793 /* dynamic_message.cc in Sources */ = {isa = PBXBuildFile; fileRef = 43998D8919865C28003C5793 /* dynamic_message.cc */; };
		43998DC819865C28003C5793 /* extension_set.cc in Sources */ = {isa = PBXBuildFile; fileRef = 43998D8B19865C28003C5793 /* extension_set.cc */; };
		43998DC919865C28003C5793 /* extension_set_heavy.cc in Sources */ = {isa = PBXBuildFile; fileRef = 43998D8D19865C28003C5793 /* extension_set_heavy.cc */; };
		43998DCA19865C28003C5793 /* generated_message_reflection.cc in Sources */ = {isa = PBXBuildFile; fileRef = 43998D8E19865C28003C5793 /* generated_message_reflection.cc */; };
		43998DCB19865C28003C5793 /* generated_message_util.cc in Sources */ = {isa = PBXBuildFile; fileRef = 43998D9019865C28003C5793 /* generated_message_util.cc */; };
		43998DCC19865C28003C5793 /* coded_stream.cc in Sources */ = {isa = PBXBuildFile; fileRef = 43998D9319865C28003C5793 /* coded_stream.cc */; };
		43998DCD19865C28003C5793 /* gzip_stream.cc in Sources */ = {isa = PBXBuildFile; fileRef = 43998D9619865C28003C5793 /* gzip_stream.cc */; };
		43998DCE19865C28003C5793 /* printer.cc in Sources */ = {isa = PBXBuildFile; fileRef = 43998D9919865C28003C5793 /* printer.cc */; };
		43998DCF19865C28003C5793 /* tokenizer.cc in Sources */ = {isa = PBXBuildFile; fileRef = 43998D9B19865C28003C5793 /* tokenizer.cc */; };
		43998DD019865C28003C5793 /* zero_copy_stream.cc in Sources */ = {isa = PBXBuildFile; fileRef = 43998D9D19865C28003C5793 /* zero_copy_stream.cc */; };
		43998DD119865C28003C5793 /* zero_copy_stream_impl.cc in Sources */ = {isa = PBXBuildFile; fileRef = 43998D9F19865C28003C5793 /* zero_copy_stream_impl.cc */; };
		43998DD219865C28003C5793 /* zero_copy_stream_impl_lite.cc in Sources */ = {isa = PBXBuildFile; fileRef = 43998DA119865C28003C5793 /* zero_copy_stream_impl_lite.cc */; };
		43998DD319865C28003C5793 /* message.cc in Sources */ = {isa = PBXBuildFile; fileRef = 43998DA319865C28003C5793 /* message.cc */; };
		43998DD419865C28003C5793 /* message_lite.cc in Sources */ = {isa = PBXBuildFile; fileRef = 43998DA519865C28003C5793 /* message_lite.cc */; };
		43998DD519865C28003C5793 /* reflection_ops.cc in Sources */ = {isa = PBXBuildFile; fileRef = 43998DA819865C28003C5793 /* reflection_ops.cc */; };
		43998DD619865C28003C5793 /* repeated_field.cc in Sources */ = {isa = PBXBuildFile; fileRef = 43998DAA19865C28003C5793 /* repeated_field.cc */; };
		43998DD719865C28003C5793 /* service.cc in Sources */ = {isa = PBXBuildFile; fileRef = 43998DAC19865C28003C5793 /* service.cc */; };
		43998DD819865C28003C5793 /* common.cc in Sources */ = {isa = PBXBuildFile; fileRef = 43998DAF19865C28003C5793 /* common.cc */; };
		43998DD919865C28003C5793 /* once.cc in Sources */ = {isa = PBXBuildFile; fileRef = 43998DB319865C28003C5793 /* once.cc */; };
		43998DDA19865C28003C5793 /* structurally_valid.cc in Sources */ = {isa = PBXBuildFile; fileRef = 43998DB619865C28003C5793 /* structurally_valid.cc */; };
		43998DDB19865C28003C5793 /* strutil.cc in Sources */ = {isa = PBXBuildFile; fileRef = 43998DB719865C28003C5793 /* strutil.cc */; };
		43998DDC19865C28003C5793 /* substitute.cc in Sources */ = {isa = PBXBuildFile; fileRef = 43998DB919865C28003C5793 /* substitute.cc */; };
		43998DDD19865C28003C5793 /* text_format.cc in Sources */ = {isa = PBXBuildFile; fileRef = 43998DBB19865C28003C5793 /* text_format.cc */; };
		43998DDE19865C28003C5793 /* unknown_field_set.cc in Sources */ = {isa = PBXBuildFile; fileRef = 43998DBD19865C28003C5793 /* unknown_field_set.cc */; };
		43998DDF19865C28003C5793 /* wire_format.cc in Sources */ = {isa = PBXBuildFile; fileRef = 43998DBF19865C28003C5793 /* wire_format.cc */; };
		43998DE019865C28003C5793 /* wire_format_lite.cc in Sources */ = {isa = PBXBuildFile; fileRef = 43998DC119865C28003C5793 /* wire_format_lite.cc */; };
		43998DE4198660B1003C5793 /* public.pb.cc in Sources */ = {isa = PBXBuildFile; fileRef = 43998DE2198660B1003C5793 /* public.pb.cc */; };
		43AE0052197913930062C9B4 /* json_reader.cpp in Sources */ = {isa = PBXBuildFile; fileRef = 43AE004D197913930062C9B4 /* json_reader.cpp */; };
		43AE0053197913930062C9B4 /* json_value.cpp in Sources */ = {isa = PBXBuildFile; fileRef = 43AE004F197913930062C9B4 /* json_value.cpp */; };
		43AE0054197913930062C9B4 /* json_writer.cpp in Sources */ = {isa = PBXBuildFile; fileRef = 43AE0051197913930062C9B4 /* json_writer.cpp */; };
/* End PBXBuildFile section */

/* Begin PBXCopyFilesBuildPhase section */
		435E03AC196E7D9F000C3012 /* CopyFiles */ = {
			isa = PBXCopyFilesBuildPhase;
			buildActionMask = 2147483647;
			dstPath = include;
			dstSubfolderSpec = 16;
			files = (
			);
			runOnlyForDeploymentPostprocessing = 0;
		};
/* End PBXCopyFilesBuildPhase section */

/* Begin PBXFileReference section */
		430079581973A705003DB064 /* CoreFoundation.framework */ = {isa = PBXFileReference; lastKnownFileType = wrapper.framework; name = CoreFoundation.framework; path = System/Library/Frameworks/CoreFoundation.framework; sourceTree = SDKROOT; };
		430F16C1196F8D5F0083B252 /* adler32.cpp */ = {isa = PBXFileReference; fileEncoding = 4; lastKnownFileType = sourcecode.cpp.cpp; path = adler32.cpp; sourceTree = "<group>"; };
		430F16C2196F8D5F0083B252 /* adler32.h */ = {isa = PBXFileReference; fileEncoding = 4; lastKnownFileType = sourcecode.c.h; path = adler32.h; sourceTree = "<group>"; };
		430F16C5196F8D5F0083B252 /* CsvParser.cpp */ = {isa = PBXFileReference; fileEncoding = 4; lastKnownFileType = sourcecode.cpp.cpp; path = CsvParser.cpp; sourceTree = "<group>"; };
		430F16C6196F8D5F0083B252 /* CsvParser.h */ = {isa = PBXFileReference; fileEncoding = 4; lastKnownFileType = sourcecode.c.h; path = CsvParser.h; sourceTree = "<group>"; };
		430F16C7196F8D5F0083B252 /* DataStream.cpp */ = {isa = PBXFileReference; fileEncoding = 4; lastKnownFileType = sourcecode.cpp.cpp; path = DataStream.cpp; sourceTree = "<group>"; };
		430F16C8196F8D5F0083B252 /* DataStream.h */ = {isa = PBXFileReference; fileEncoding = 4; lastKnownFileType = sourcecode.c.h; path = DataStream.h; sourceTree = "<group>"; };
		430F16C9196F8D5F0083B252 /* Engine.h */ = {isa = PBXFileReference; fileEncoding = 4; lastKnownFileType = sourcecode.c.h; path = Engine.h; sourceTree = "<group>"; };
		430F16CE196F8D5F0083B252 /* md5.cpp */ = {isa = PBXFileReference; fileEncoding = 4; lastKnownFileType = sourcecode.cpp.cpp; path = md5.cpp; sourceTree = "<group>"; };
		430F16CF196F8D5F0083B252 /* md5.h */ = {isa = PBXFileReference; fileEncoding = 4; lastKnownFileType = sourcecode.c.h; path = md5.h; sourceTree = "<group>"; };
		430F16D2196F8D5F0083B252 /* NetWorks.h */ = {isa = PBXFileReference; fileEncoding = 4; lastKnownFileType = sourcecode.c.h; path = NetWorks.h; sourceTree = "<group>"; };
		430F16D3196F8D5F0083B252 /* public.cpp */ = {isa = PBXFileReference; fileEncoding = 4; lastKnownFileType = sourcecode.cpp.cpp; path = public.cpp; sourceTree = "<group>"; };
		430F16D4196F8D5F0083B252 /* public.h */ = {isa = PBXFileReference; fileEncoding = 4; lastKnownFileType = sourcecode.c.h; path = public.h; sourceTree = "<group>"; };
		430F16D5196F8D5F0083B252 /* Rect.cpp */ = {isa = PBXFileReference; fileEncoding = 4; lastKnownFileType = sourcecode.cpp.cpp; path = Rect.cpp; sourceTree = "<group>"; };
		430F16D6196F8D5F0083B252 /* Rect.h */ = {isa = PBXFileReference; fileEncoding = 4; lastKnownFileType = sourcecode.c.h; path = Rect.h; sourceTree = "<group>"; };
		430F16D7196F8D5F0083B252 /* RegExp.h */ = {isa = PBXFileReference; fileEncoding = 4; lastKnownFileType = sourcecode.c.h; path = RegExp.h; sourceTree = "<group>"; };
		430F16D8196F8D5F0083B252 /* StringUtil.cpp */ = {isa = PBXFileReference; fileEncoding = 4; lastKnownFileType = sourcecode.cpp.cpp; path = StringUtil.cpp; sourceTree = "<group>"; };
		430F16D9196F8D5F0083B252 /* StringUtil.h */ = {isa = PBXFileReference; fileEncoding = 4; lastKnownFileType = sourcecode.c.h; path = StringUtil.h; sourceTree = "<group>"; };
		430F16DA196F8D5F0083B252 /* SystemUtil.cpp */ = {isa = PBXFileReference; fileEncoding = 4; lastKnownFileType = sourcecode.cpp.cpp; path = SystemUtil.cpp; sourceTree = "<group>"; };
		430F16DB196F8D5F0083B252 /* SystemUtil.h */ = {isa = PBXFileReference; fileEncoding = 4; lastKnownFileType = sourcecode.c.h; path = SystemUtil.h; sourceTree = "<group>"; };
		430F16DC196F8D5F0083B252 /* template.h */ = {isa = PBXFileReference; fileEncoding = 4; lastKnownFileType = sourcecode.c.h; path = template.h; sourceTree = "<group>"; };
		430F16DD196F8D5F0083B252 /* Vector2.h */ = {isa = PBXFileReference; fileEncoding = 4; lastKnownFileType = sourcecode.c.h; path = Vector2.h; sourceTree = "<group>"; };
		430F16DE196F8D5F0083B252 /* XmlParser.cpp */ = {isa = PBXFileReference; fileEncoding = 4; lastKnownFileType = sourcecode.cpp.cpp; path = XmlParser.cpp; sourceTree = "<group>"; };
		430F16DF196F8D5F0083B252 /* XmlParser.h */ = {isa = PBXFileReference; fileEncoding = 4; lastKnownFileType = sourcecode.c.h; path = XmlParser.h; sourceTree = "<group>"; };
		430F16E0196F8D5F0083B252 /* zCond.h */ = {isa = PBXFileReference; fileEncoding = 4; lastKnownFileType = sourcecode.c.h; path = zCond.h; sourceTree = "<group>"; };
		430F16E1196F8D5F0083B252 /* zMutex.h */ = {isa = PBXFileReference; fileEncoding = 4; lastKnownFileType = sourcecode.c.h; path = zMutex.h; sourceTree = "<group>"; };
		430F16E2196F8D5F0083B252 /* zNoncopyable.h */ = {isa = PBXFileReference; fileEncoding = 4; lastKnownFileType = sourcecode.c.h; path = zNoncopyable.h; sourceTree = "<group>"; };
		430F16E3196F8D5F0083B252 /* zRWLock.h */ = {isa = PBXFileReference; fileEncoding = 4; lastKnownFileType = sourcecode.c.h; path = zRWLock.h; sourceTree = "<group>"; };
		430F16E4196F8D5F0083B252 /* zThread.cpp */ = {isa = PBXFileReference; fileEncoding = 4; lastKnownFileType = sourcecode.cpp.cpp; path = zThread.cpp; sourceTree = "<group>"; };
		430F16E5196F8D5F0083B252 /* zThread.h */ = {isa = PBXFileReference; fileEncoding = 4; lastKnownFileType = sourcecode.c.h; path = zThread.h; sourceTree = "<group>"; };
		430F16F6196F8DC10083B252 /* tinystr.cpp */ = {isa = PBXFileReference; fileEncoding = 4; lastKnownFileType = sourcecode.cpp.cpp; path = tinystr.cpp; sourceTree = "<group>"; };
		430F16F7196F8DC10083B252 /* tinyxml.cpp */ = {isa = PBXFileReference; fileEncoding = 4; lastKnownFileType = sourcecode.cpp.cpp; path = tinyxml.cpp; sourceTree = "<group>"; };
		430F16F8196F8DC10083B252 /* tinyxmlerror.cpp */ = {isa = PBXFileReference; fileEncoding = 4; lastKnownFileType = sourcecode.cpp.cpp; path = tinyxmlerror.cpp; sourceTree = "<group>"; };
		430F16F9196F8DC10083B252 /* tinyxmlparser.cpp */ = {isa = PBXFileReference; fileEncoding = 4; lastKnownFileType = sourcecode.cpp.cpp; path = tinyxmlparser.cpp; sourceTree = "<group>"; };
		430F16FA196F8DC10083B252 /* tinystr.h */ = {isa = PBXFileReference; fileEncoding = 4; lastKnownFileType = sourcecode.c.h; path = tinystr.h; sourceTree = "<group>"; };
		430F16FB196F8DC10083B252 /* tinyxml.h */ = {isa = PBXFileReference; fileEncoding = 4; lastKnownFileType = sourcecode.c.h; path = tinyxml.h; sourceTree = "<group>"; };
		43247A451987333E00AF14C7 /* voe_audio_processing.h */ = {isa = PBXFileReference; fileEncoding = 4; lastKnownFileType = sourcecode.c.h; path = voe_audio_processing.h; sourceTree = "<group>"; };
		43247A461987333E00AF14C7 /* voe_base.h */ = {isa = PBXFileReference; fileEncoding = 4; lastKnownFileType = sourcecode.c.h; path = voe_base.h; sourceTree = "<group>"; };
		43247A471987333E00AF14C7 /* voe_codec.h */ = {isa = PBXFileReference; fileEncoding = 4; lastKnownFileType = sourcecode.c.h; path = voe_codec.h; sourceTree = "<group>"; };
		43247A481987333E00AF14C7 /* voe_dtmf.h */ = {isa = PBXFileReference; fileEncoding = 4; lastKnownFileType = sourcecode.c.h; path = voe_dtmf.h; sourceTree = "<group>"; };
		43247A491987333E00AF14C7 /* voe_errors.h */ = {isa = PBXFileReference; fileEncoding = 4; lastKnownFileType = sourcecode.c.h; path = voe_errors.h; sourceTree = "<group>"; };
		43247A4A1987333E00AF14C7 /* voe_external_media.h */ = {isa = PBXFileReference; fileEncoding = 4; lastKnownFileType = sourcecode.c.h; path = voe_external_media.h; sourceTree = "<group>"; };
		43247A4B1987333E00AF14C7 /* voe_file.h */ = {isa = PBXFileReference; fileEncoding = 4; lastKnownFileType = sourcecode.c.h; path = voe_file.h; sourceTree = "<group>"; };
		43247A4C1987333E00AF14C7 /* voe_hardware.h */ = {isa = PBXFileReference; fileEncoding = 4; lastKnownFileType = sourcecode.c.h; path = voe_hardware.h; sourceTree = "<group>"; };
		43247A4D1987333E00AF14C7 /* voe_neteq_stats.h */ = {isa = PBXFileReference; fileEncoding = 4; lastKnownFileType = sourcecode.c.h; path = voe_neteq_stats.h; sourceTree = "<group>"; };
		43247A4E1987333E00AF14C7 /* voe_network.h */ = {isa = PBXFileReference; fileEncoding = 4; lastKnownFileType = sourcecode.c.h; path = voe_network.h; sourceTree = "<group>"; };
		43247A4F1987333E00AF14C7 /* voe_rtp_rtcp.h */ = {isa = PBXFileReference; fileEncoding = 4; lastKnownFileType = sourcecode.c.h; path = voe_rtp_rtcp.h; sourceTree = "<group>"; };
		43247A501987333E00AF14C7 /* voe_video_sync.h */ = {isa = PBXFileReference; fileEncoding = 4; lastKnownFileType = sourcecode.c.h; path = voe_video_sync.h; sourceTree = "<group>"; };
		43247A511987333E00AF14C7 /* voe_volume_control.h */ = {isa = PBXFileReference; fileEncoding = 4; lastKnownFileType = sourcecode.c.h; path = voe_volume_control.h; sourceTree = "<group>"; };
		43247A521987339300AF14C7 /* MediaSample.cpp */ = {isa = PBXFileReference; fileEncoding = 4; lastKnownFileType = sourcecode.cpp.cpp; path = MediaSample.cpp; sourceTree = "<group>"; };
		43247A531987339300AF14C7 /* MediaSample.h */ = {isa = PBXFileReference; fileEncoding = 4; lastKnownFileType = sourcecode.c.h; path = MediaSample.h; sourceTree = "<group>"; };
		43247A731987412100AF14C7 /* RTChatSdk.h */ = {isa = PBXFileReference; fileEncoding = 4; lastKnownFileType = sourcecode.c.h; path = RTChatSdk.h; sourceTree = "<group>"; };
		43247A74198741BC00AF14C7 /* RTChatSDKMain.cpp */ = {isa = PBXFileReference; fileEncoding = 4; lastKnownFileType = sourcecode.cpp.cpp; path = RTChatSDKMain.cpp; sourceTree = "<group>"; };
		43247A75198741BC00AF14C7 /* RTChatSDKMain.h */ = {isa = PBXFileReference; fileEncoding = 4; lastKnownFileType = sourcecode.c.h; path = RTChatSDKMain.h; sourceTree = "<group>"; };
		433E66CC1987AAD10002AAC3 /* common_types.h */ = {isa = PBXFileReference; fileEncoding = 4; lastKnownFileType = sourcecode.c.h; path = common_types.h; sourceTree = "<group>"; };
		433E66CF1987AAD10002AAC3 /* channel_transport.cc */ = {isa = PBXFileReference; fileEncoding = 4; lastKnownFileType = sourcecode.cpp.cpp; path = channel_transport.cc; sourceTree = "<group>"; };
		433E66D11987AAD10002AAC3 /* channel_transport.h */ = {isa = PBXFileReference; fileEncoding = 4; lastKnownFileType = sourcecode.c.h; path = channel_transport.h; sourceTree = "<group>"; };
		433E66D21987AAD10002AAC3 /* udp_socket_manager_posix.cc */ = {isa = PBXFileReference; fileEncoding = 4; lastKnownFileType = sourcecode.cpp.cpp; path = udp_socket_manager_posix.cc; sourceTree = "<group>"; };
		433E66D31987AAD10002AAC3 /* udp_socket_manager_posix.h */ = {isa = PBXFileReference; fileEncoding = 4; lastKnownFileType = sourcecode.c.h; path = udp_socket_manager_posix.h; sourceTree = "<group>"; };
		433E66D41987AAD10002AAC3 /* udp_socket_manager_wrapper.cc */ = {isa = PBXFileReference; fileEncoding = 4; lastKnownFileType = sourcecode.cpp.cpp; path = udp_socket_manager_wrapper.cc; sourceTree = "<group>"; };
		433E66D51987AAD10002AAC3 /* udp_socket_manager_wrapper.h */ = {isa = PBXFileReference; fileEncoding = 4; lastKnownFileType = sourcecode.c.h; path = udp_socket_manager_wrapper.h; sourceTree = "<group>"; };
		433E66D61987AAD10002AAC3 /* udp_socket_posix.cc */ = {isa = PBXFileReference; fileEncoding = 4; lastKnownFileType = sourcecode.cpp.cpp; path = udp_socket_posix.cc; sourceTree = "<group>"; };
		433E66D71987AAD10002AAC3 /* udp_socket_posix.h */ = {isa = PBXFileReference; fileEncoding = 4; lastKnownFileType = sourcecode.c.h; path = udp_socket_posix.h; sourceTree = "<group>"; };
		433E66D81987AAD10002AAC3 /* udp_socket_wrapper.cc */ = {isa = PBXFileReference; fileEncoding = 4; lastKnownFileType = sourcecode.cpp.cpp; path = udp_socket_wrapper.cc; sourceTree = "<group>"; };
		433E66D91987AAD10002AAC3 /* udp_socket_wrapper.h */ = {isa = PBXFileReference; fileEncoding = 4; lastKnownFileType = sourcecode.c.h; path = udp_socket_wrapper.h; sourceTree = "<group>"; };
		433E66DA1987AAD10002AAC3 /* udp_transport.h */ = {isa = PBXFileReference; fileEncoding = 4; lastKnownFileType = sourcecode.c.h; path = udp_transport.h; sourceTree = "<group>"; };
		433E66DB1987AAD10002AAC3 /* udp_transport_impl.cc */ = {isa = PBXFileReference; fileEncoding = 4; lastKnownFileType = sourcecode.cpp.cpp; path = udp_transport_impl.cc; sourceTree = "<group>"; };
		433E66DC1987AAD10002AAC3 /* udp_transport_impl.h */ = {isa = PBXFileReference; fileEncoding = 4; lastKnownFileType = sourcecode.c.h; path = udp_transport_impl.h; sourceTree = "<group>"; };
		433E66DD1987AAD10002AAC3 /* typedefs.h */ = {isa = PBXFileReference; fileEncoding = 4; lastKnownFileType = sourcecode.c.h; path = typedefs.h; sourceTree = "<group>"; };
		433E67831987B2850002AAC3 /* libaudio_coding_module.a */ = {isa = PBXFileReference; lastKnownFileType = archive.ar; name = libaudio_coding_module.a; path = "../../../RTChatApp/DerivedData/RTChatApp/Build/Products/Debug-iphoneos/libaudio_coding_module.a"; sourceTree = "<group>"; };
		433E67841987B2850002AAC3 /* libaudio_conference_mixer.a */ = {isa = PBXFileReference; lastKnownFileType = archive.ar; name = libaudio_conference_mixer.a; path = "../../../RTChatApp/DerivedData/RTChatApp/Build/Products/Debug-iphoneos/libaudio_conference_mixer.a"; sourceTree = "<group>"; };
		433E67851987B2850002AAC3 /* libaudio_device.a */ = {isa = PBXFileReference; lastKnownFileType = archive.ar; name = libaudio_device.a; path = "../../../RTChatApp/DerivedData/RTChatApp/Build/Products/Debug-iphoneos/libaudio_device.a"; sourceTree = "<group>"; };
		433E67861987B2850002AAC3 /* libaudio_processing.a */ = {isa = PBXFileReference; lastKnownFileType = archive.ar; name = libaudio_processing.a; path = "../../../RTChatApp/DerivedData/RTChatApp/Build/Products/Debug-iphoneos/libaudio_processing.a"; sourceTree = "<group>"; };
		433E67871987B2850002AAC3 /* libbitrate_controller.a */ = {isa = PBXFileReference; lastKnownFileType = archive.ar; name = libbitrate_controller.a; path = "../../../RTChatApp/DerivedData/RTChatApp/Build/Products/Debug-iphoneos/libbitrate_controller.a"; sourceTree = "<group>"; };
		433E67881987B2850002AAC3 /* libCNG.a */ = {isa = PBXFileReference; lastKnownFileType = archive.ar; name = libCNG.a; path = "../../../RTChatApp/DerivedData/RTChatApp/Build/Products/Debug-iphoneos/libCNG.a"; sourceTree = "<group>"; };
		433E67891987B2850002AAC3 /* libcommon_audio.a */ = {isa = PBXFileReference; lastKnownFileType = archive.ar; name = libcommon_audio.a; path = "../../../RTChatApp/DerivedData/RTChatApp/Build/Products/Debug-iphoneos/libcommon_audio.a"; sourceTree = "<group>"; };
		433E678A1987B2850002AAC3 /* libG711.a */ = {isa = PBXFileReference; lastKnownFileType = archive.ar; name = libG711.a; path = "../../../RTChatApp/DerivedData/RTChatApp/Build/Products/Debug-iphoneos/libG711.a"; sourceTree = "<group>"; };
		433E678B1987B2850002AAC3 /* libG722.a */ = {isa = PBXFileReference; lastKnownFileType = archive.ar; name = libG722.a; path = "../../../RTChatApp/DerivedData/RTChatApp/Build/Products/Debug-iphoneos/libG722.a"; sourceTree = "<group>"; };
		433E678C1987B2850002AAC3 /* libiLBC.a */ = {isa = PBXFileReference; lastKnownFileType = archive.ar; name = libiLBC.a; path = "../../../RTChatApp/DerivedData/RTChatApp/Build/Products/Debug-iphoneos/libiLBC.a"; sourceTree = "<group>"; };
		433E678D1987B2850002AAC3 /* libiSAC.a */ = {isa = PBXFileReference; lastKnownFileType = archive.ar; name = libiSAC.a; path = "../../../RTChatApp/DerivedData/RTChatApp/Build/Products/Debug-iphoneos/libiSAC.a"; sourceTree = "<group>"; };
		433E678E1987B2850002AAC3 /* libmedia_file.a */ = {isa = PBXFileReference; lastKnownFileType = archive.ar; name = libmedia_file.a; path = "../../../RTChatApp/DerivedData/RTChatApp/Build/Products/Debug-iphoneos/libmedia_file.a"; sourceTree = "<group>"; };
		433E678F1987B2850002AAC3 /* libneteq.a */ = {isa = PBXFileReference; lastKnownFileType = archive.ar; name = libneteq.a; path = "../../../RTChatApp/DerivedData/RTChatApp/Build/Products/Debug-iphoneos/libneteq.a"; sourceTree = "<group>"; };
		433E67901987B2850002AAC3 /* libopus.a */ = {isa = PBXFileReference; lastKnownFileType = archive.ar; name = libopus.a; path = "../../../RTChatApp/DerivedData/RTChatApp/Build/Products/Debug-iphoneos/libopus.a"; sourceTree = "<group>"; };
		433E67911987B2850002AAC3 /* libPCM16B.a */ = {isa = PBXFileReference; lastKnownFileType = archive.ar; name = libPCM16B.a; path = "../../../RTChatApp/DerivedData/RTChatApp/Build/Products/Debug-iphoneos/libPCM16B.a"; sourceTree = "<group>"; };
		433E67921987B2850002AAC3 /* librtp_rtcp.a */ = {isa = PBXFileReference; lastKnownFileType = archive.ar; name = librtp_rtcp.a; path = "../../../RTChatApp/DerivedData/RTChatApp/Build/Products/Debug-iphoneos/librtp_rtcp.a"; sourceTree = "<group>"; };
		433E67931987B2850002AAC3 /* libsystem_wrappers.a */ = {isa = PBXFileReference; lastKnownFileType = archive.ar; name = libsystem_wrappers.a; path = "../../../RTChatApp/DerivedData/RTChatApp/Build/Products/Debug-iphoneos/libsystem_wrappers.a"; sourceTree = "<group>"; };
		433E67941987B2850002AAC3 /* libvoice_engine.a */ = {isa = PBXFileReference; lastKnownFileType = archive.ar; name = libvoice_engine.a; path = "../../../RTChatApp/DerivedData/RTChatApp/Build/Products/Debug-iphoneos/libvoice_engine.a"; sourceTree = "<group>"; };
		433E67951987B2850002AAC3 /* libwebrtc_base.a */ = {isa = PBXFileReference; lastKnownFileType = archive.ar; name = libwebrtc_base.a; path = "../../../RTChatApp/DerivedData/RTChatApp/Build/Products/Debug-iphoneos/libwebrtc_base.a"; sourceTree = "<group>"; };
		433E67961987B2850002AAC3 /* libwebrtc_utility.a */ = {isa = PBXFileReference; lastKnownFileType = archive.ar; name = libwebrtc_utility.a; path = "../../../RTChatApp/DerivedData/RTChatApp/Build/Products/Debug-iphoneos/libwebrtc_utility.a"; sourceTree = "<group>"; };
		435E03AE196E7D9F000C3012 /* libRTChat.a */ = {isa = PBXFileReference; explicitFileType = archive.ar; includeInIndex = 0; path = libRTChat.a; sourceTree = BUILT_PRODUCTS_DIR; };
		435E03B1196E7D9F000C3012 /* Foundation.framework */ = {isa = PBXFileReference; lastKnownFileType = wrapper.framework; name = Foundation.framework; path = System/Library/Frameworks/Foundation.framework; sourceTree = SDKROOT; };
		435E03B5196E7D9F000C3012 /* RTChat-Prefix.pch */ = {isa = PBXFileReference; lastKnownFileType = sourcecode.c.h; path = "RTChat-Prefix.pch"; sourceTree = "<group>"; };
		435E03BF196E7D9F000C3012 /* XCTest.framework */ = {isa = PBXFileReference; lastKnownFileType = wrapper.framework; name = XCTest.framework; path = Library/Frameworks/XCTest.framework; sourceTree = DEVELOPER_DIR; };
		435E03C2196E7D9F000C3012 /* UIKit.framework */ = {isa = PBXFileReference; lastKnownFileType = wrapper.framework; name = UIKit.framework; path = Library/Frameworks/UIKit.framework; sourceTree = DEVELOPER_DIR; };
		435E03D7196E813C000C3012 /* AudioToolbox.framework */ = {isa = PBXFileReference; lastKnownFileType = wrapper.framework; name = AudioToolbox.framework; path = System/Library/Frameworks/AudioToolbox.framework; sourceTree = SDKROOT; };
		435E03DE196E8333000C3012 /* CADebugMacros.cpp */ = {isa = PBXFileReference; fileEncoding = 4; lastKnownFileType = sourcecode.cpp.cpp; path = CADebugMacros.cpp; sourceTree = "<group>"; };
		435E03DF196E8333000C3012 /* CADebugMacros.h */ = {isa = PBXFileReference; fileEncoding = 4; lastKnownFileType = sourcecode.c.h; path = CADebugMacros.h; sourceTree = "<group>"; };
		435E03E0196E8333000C3012 /* CAMath.h */ = {isa = PBXFileReference; fileEncoding = 4; lastKnownFileType = sourcecode.c.h; path = CAMath.h; sourceTree = "<group>"; };
		435E03E1196E8333000C3012 /* CAStreamBasicDescription.cpp */ = {isa = PBXFileReference; fileEncoding = 4; lastKnownFileType = sourcecode.cpp.cpp; path = CAStreamBasicDescription.cpp; sourceTree = "<group>"; };
		435E03E2196E8333000C3012 /* CAStreamBasicDescription.h */ = {isa = PBXFileReference; fileEncoding = 4; lastKnownFileType = sourcecode.c.h; path = CAStreamBasicDescription.h; sourceTree = "<group>"; };
		435E03E3196E8333000C3012 /* CAXException.cpp */ = {isa = PBXFileReference; fileEncoding = 4; lastKnownFileType = sourcecode.cpp.cpp; path = CAXException.cpp; sourceTree = "<group>"; };
		435E03E4196E8333000C3012 /* CAXException.h */ = {isa = PBXFileReference; fileEncoding = 4; lastKnownFileType = sourcecode.c.h; path = CAXException.h; sourceTree = "<group>"; };
		435E03EE196E91AC000C3012 /* CoreGraphics.framework */ = {isa = PBXFileReference; lastKnownFileType = wrapper.framework; name = CoreGraphics.framework; path = System/Library/Frameworks/CoreGraphics.framework; sourceTree = SDKROOT; };
		43998BA91986363F003C5793 /* libwebsockets.h */ = {isa = PBXFileReference; fileEncoding = 4; lastKnownFileType = sourcecode.c.h; path = libwebsockets.h; sourceTree = "<group>"; };
		43998BAB1986363F003C5793 /* libwebsockets.a */ = {isa = PBXFileReference; lastKnownFileType = archive.ar; path = libwebsockets.a; sourceTree = "<group>"; };
		43998BAD198636DA003C5793 /* WebSocket.cpp */ = {isa = PBXFileReference; fileEncoding = 4; lastKnownFileType = sourcecode.cpp.cpp; path = WebSocket.cpp; sourceTree = "<group>"; };
		43998BAE198636DA003C5793 /* WebSocket.h */ = {isa = PBXFileReference; fileEncoding = 4; lastKnownFileType = sourcecode.c.h; path = WebSocket.h; sourceTree = "<group>"; };
		43998D6F198656B5003C5793 /* game.pb.cc */ = {isa = PBXFileReference; fileEncoding = 4; lastKnownFileType = sourcecode.cpp.cpp; path = game.pb.cc; sourceTree = "<group>"; };
		43998D70198656B5003C5793 /* game.pb.h */ = {isa = PBXFileReference; fileEncoding = 4; lastKnownFileType = sourcecode.c.h; path = game.pb.h; sourceTree = "<group>"; };
		43998D72198656D3003C5793 /* netdatamanager.cpp */ = {isa = PBXFileReference; fileEncoding = 4; lastKnownFileType = sourcecode.cpp.cpp; path = netdatamanager.cpp; sourceTree = "<group>"; };
		43998D73198656D3003C5793 /* netdatamanager.h */ = {isa = PBXFileReference; fileEncoding = 4; lastKnownFileType = sourcecode.c.h; path = netdatamanager.h; sourceTree = "<group>"; };
		43998D7E19865ABA003C5793 /* command.h */ = {isa = PBXFileReference; fileEncoding = 4; lastKnownFileType = sourcecode.c.h; path = command.h; sourceTree = "<group>"; };
		43998D8119865C28003C5793 /* config.h */ = {isa = PBXFileReference; fileEncoding = 4; lastKnownFileType = sourcecode.c.h; path = config.h; sourceTree = "<group>"; };
		43998D8219865C28003C5793 /* descriptor.cc */ = {isa = PBXFileReference; fileEncoding = 4; lastKnownFileType = sourcecode.cpp.cpp; path = descriptor.cc; sourceTree = "<group>"; };
		43998D8319865C28003C5793 /* descriptor.h */ = {isa = PBXFileReference; fileEncoding = 4; lastKnownFileType = sourcecode.c.h; path = descriptor.h; sourceTree = "<group>"; };
		43998D8419865C28003C5793 /* descriptor.pb.cc */ = {isa = PBXFileReference; fileEncoding = 4; lastKnownFileType = sourcecode.cpp.cpp; path = descriptor.pb.cc; sourceTree = "<group>"; };
		43998D8519865C28003C5793 /* descriptor.pb.h */ = {isa = PBXFileReference; fileEncoding = 4; lastKnownFileType = sourcecode.c.h; path = descriptor.pb.h; sourceTree = "<group>"; };
		43998D8619865C28003C5793 /* descriptor.proto */ = {isa = PBXFileReference; fileEncoding = 4; lastKnownFileType = text; path = descriptor.proto; sourceTree = "<group>"; };
		43998D8719865C28003C5793 /* descriptor_database.cc */ = {isa = PBXFileReference; fileEncoding = 4; lastKnownFileType = sourcecode.cpp.cpp; path = descriptor_database.cc; sourceTree = "<group>"; };
		43998D8819865C28003C5793 /* descriptor_database.h */ = {isa = PBXFileReference; fileEncoding = 4; lastKnownFileType = sourcecode.c.h; path = descriptor_database.h; sourceTree = "<group>"; };
		43998D8919865C28003C5793 /* dynamic_message.cc */ = {isa = PBXFileReference; fileEncoding = 4; lastKnownFileType = sourcecode.cpp.cpp; path = dynamic_message.cc; sourceTree = "<group>"; };
		43998D8A19865C28003C5793 /* dynamic_message.h */ = {isa = PBXFileReference; fileEncoding = 4; lastKnownFileType = sourcecode.c.h; path = dynamic_message.h; sourceTree = "<group>"; };
		43998D8B19865C28003C5793 /* extension_set.cc */ = {isa = PBXFileReference; fileEncoding = 4; lastKnownFileType = sourcecode.cpp.cpp; path = extension_set.cc; sourceTree = "<group>"; };
		43998D8C19865C28003C5793 /* extension_set.h */ = {isa = PBXFileReference; fileEncoding = 4; lastKnownFileType = sourcecode.c.h; path = extension_set.h; sourceTree = "<group>"; };
		43998D8D19865C28003C5793 /* extension_set_heavy.cc */ = {isa = PBXFileReference; fileEncoding = 4; lastKnownFileType = sourcecode.cpp.cpp; path = extension_set_heavy.cc; sourceTree = "<group>"; };
		43998D8E19865C28003C5793 /* generated_message_reflection.cc */ = {isa = PBXFileReference; fileEncoding = 4; lastKnownFileType = sourcecode.cpp.cpp; path = generated_message_reflection.cc; sourceTree = "<group>"; };
		43998D8F19865C28003C5793 /* generated_message_reflection.h */ = {isa = PBXFileReference; fileEncoding = 4; lastKnownFileType = sourcecode.c.h; path = generated_message_reflection.h; sourceTree = "<group>"; };
		43998D9019865C28003C5793 /* generated_message_util.cc */ = {isa = PBXFileReference; fileEncoding = 4; lastKnownFileType = sourcecode.cpp.cpp; path = generated_message_util.cc; sourceTree = "<group>"; };
		43998D9119865C28003C5793 /* generated_message_util.h */ = {isa = PBXFileReference; fileEncoding = 4; lastKnownFileType = sourcecode.c.h; path = generated_message_util.h; sourceTree = "<group>"; };
		43998D9319865C28003C5793 /* coded_stream.cc */ = {isa = PBXFileReference; fileEncoding = 4; lastKnownFileType = sourcecode.cpp.cpp; path = coded_stream.cc; sourceTree = "<group>"; };
		43998D9419865C28003C5793 /* coded_stream.h */ = {isa = PBXFileReference; fileEncoding = 4; lastKnownFileType = sourcecode.c.h; path = coded_stream.h; sourceTree = "<group>"; };
		43998D9519865C28003C5793 /* coded_stream_inl.h */ = {isa = PBXFileReference; fileEncoding = 4; lastKnownFileType = sourcecode.c.h; path = coded_stream_inl.h; sourceTree = "<group>"; };
		43998D9619865C28003C5793 /* gzip_stream.cc */ = {isa = PBXFileReference; fileEncoding = 4; lastKnownFileType = sourcecode.cpp.cpp; path = gzip_stream.cc; sourceTree = "<group>"; };
		43998D9719865C28003C5793 /* gzip_stream.h */ = {isa = PBXFileReference; fileEncoding = 4; lastKnownFileType = sourcecode.c.h; path = gzip_stream.h; sourceTree = "<group>"; };
		43998D9819865C28003C5793 /* package_info.h */ = {isa = PBXFileReference; fileEncoding = 4; lastKnownFileType = sourcecode.c.h; path = package_info.h; sourceTree = "<group>"; };
		43998D9919865C28003C5793 /* printer.cc */ = {isa = PBXFileReference; fileEncoding = 4; lastKnownFileType = sourcecode.cpp.cpp; path = printer.cc; sourceTree = "<group>"; };
		43998D9A19865C28003C5793 /* printer.h */ = {isa = PBXFileReference; fileEncoding = 4; lastKnownFileType = sourcecode.c.h; path = printer.h; sourceTree = "<group>"; };
		43998D9B19865C28003C5793 /* tokenizer.cc */ = {isa = PBXFileReference; fileEncoding = 4; lastKnownFileType = sourcecode.cpp.cpp; path = tokenizer.cc; sourceTree = "<group>"; };
		43998D9C19865C28003C5793 /* tokenizer.h */ = {isa = PBXFileReference; fileEncoding = 4; lastKnownFileType = sourcecode.c.h; path = tokenizer.h; sourceTree = "<group>"; };
		43998D9D19865C28003C5793 /* zero_copy_stream.cc */ = {isa = PBXFileReference; fileEncoding = 4; lastKnownFileType = sourcecode.cpp.cpp; path = zero_copy_stream.cc; sourceTree = "<group>"; };
		43998D9E19865C28003C5793 /* zero_copy_stream.h */ = {isa = PBXFileReference; fileEncoding = 4; lastKnownFileType = sourcecode.c.h; path = zero_copy_stream.h; sourceTree = "<group>"; };
		43998D9F19865C28003C5793 /* zero_copy_stream_impl.cc */ = {isa = PBXFileReference; fileEncoding = 4; lastKnownFileType = sourcecode.cpp.cpp; path = zero_copy_stream_impl.cc; sourceTree = "<group>"; };
		43998DA019865C28003C5793 /* zero_copy_stream_impl.h */ = {isa = PBXFileReference; fileEncoding = 4; lastKnownFileType = sourcecode.c.h; path = zero_copy_stream_impl.h; sourceTree = "<group>"; };
		43998DA119865C28003C5793 /* zero_copy_stream_impl_lite.cc */ = {isa = PBXFileReference; fileEncoding = 4; lastKnownFileType = sourcecode.cpp.cpp; path = zero_copy_stream_impl_lite.cc; sourceTree = "<group>"; };
		43998DA219865C28003C5793 /* zero_copy_stream_impl_lite.h */ = {isa = PBXFileReference; fileEncoding = 4; lastKnownFileType = sourcecode.c.h; path = zero_copy_stream_impl_lite.h; sourceTree = "<group>"; };
		43998DA319865C28003C5793 /* message.cc */ = {isa = PBXFileReference; fileEncoding = 4; lastKnownFileType = sourcecode.cpp.cpp; path = message.cc; sourceTree = "<group>"; };
		43998DA419865C28003C5793 /* message.h */ = {isa = PBXFileReference; fileEncoding = 4; lastKnownFileType = sourcecode.c.h; path = message.h; sourceTree = "<group>"; };
		43998DA519865C28003C5793 /* message_lite.cc */ = {isa = PBXFileReference; fileEncoding = 4; lastKnownFileType = sourcecode.cpp.cpp; path = message_lite.cc; sourceTree = "<group>"; };
		43998DA619865C28003C5793 /* message_lite.h */ = {isa = PBXFileReference; fileEncoding = 4; lastKnownFileType = sourcecode.c.h; path = message_lite.h; sourceTree = "<group>"; };
		43998DA719865C28003C5793 /* package_info.h */ = {isa = PBXFileReference; fileEncoding = 4; lastKnownFileType = sourcecode.c.h; path = package_info.h; sourceTree = "<group>"; };
		43998DA819865C28003C5793 /* reflection_ops.cc */ = {isa = PBXFileReference; fileEncoding = 4; lastKnownFileType = sourcecode.cpp.cpp; path = reflection_ops.cc; sourceTree = "<group>"; };
		43998DA919865C28003C5793 /* reflection_ops.h */ = {isa = PBXFileReference; fileEncoding = 4; lastKnownFileType = sourcecode.c.h; path = reflection_ops.h; sourceTree = "<group>"; };
		43998DAA19865C28003C5793 /* repeated_field.cc */ = {isa = PBXFileReference; fileEncoding = 4; lastKnownFileType = sourcecode.cpp.cpp; path = repeated_field.cc; sourceTree = "<group>"; };
		43998DAB19865C28003C5793 /* repeated_field.h */ = {isa = PBXFileReference; fileEncoding = 4; lastKnownFileType = sourcecode.c.h; path = repeated_field.h; sourceTree = "<group>"; };
		43998DAC19865C28003C5793 /* service.cc */ = {isa = PBXFileReference; fileEncoding = 4; lastKnownFileType = sourcecode.cpp.cpp; path = service.cc; sourceTree = "<group>"; };
		43998DAD19865C28003C5793 /* service.h */ = {isa = PBXFileReference; fileEncoding = 4; lastKnownFileType = sourcecode.c.h; path = service.h; sourceTree = "<group>"; };
		43998DAF19865C28003C5793 /* common.cc */ = {isa = PBXFileReference; fileEncoding = 4; lastKnownFileType = sourcecode.cpp.cpp; path = common.cc; sourceTree = "<group>"; };
		43998DB019865C28003C5793 /* common.h */ = {isa = PBXFileReference; fileEncoding = 4; lastKnownFileType = sourcecode.c.h; path = common.h; sourceTree = "<group>"; };
		43998DB119865C28003C5793 /* hash.h */ = {isa = PBXFileReference; fileEncoding = 4; lastKnownFileType = sourcecode.c.h; path = hash.h; sourceTree = "<group>"; };
		43998DB219865C28003C5793 /* map-util.h */ = {isa = PBXFileReference; fileEncoding = 4; lastKnownFileType = sourcecode.c.h; path = "map-util.h"; sourceTree = "<group>"; };
		43998DB319865C28003C5793 /* once.cc */ = {isa = PBXFileReference; fileEncoding = 4; lastKnownFileType = sourcecode.cpp.cpp; path = once.cc; sourceTree = "<group>"; };
		43998DB419865C28003C5793 /* once.h */ = {isa = PBXFileReference; fileEncoding = 4; lastKnownFileType = sourcecode.c.h; path = once.h; sourceTree = "<group>"; };
		43998DB519865C28003C5793 /* stl_util-inl.h */ = {isa = PBXFileReference; fileEncoding = 4; lastKnownFileType = sourcecode.c.h; path = "stl_util-inl.h"; sourceTree = "<group>"; };
		43998DB619865C28003C5793 /* structurally_valid.cc */ = {isa = PBXFileReference; fileEncoding = 4; lastKnownFileType = sourcecode.cpp.cpp; path = structurally_valid.cc; sourceTree = "<group>"; };
		43998DB719865C28003C5793 /* strutil.cc */ = {isa = PBXFileReference; fileEncoding = 4; lastKnownFileType = sourcecode.cpp.cpp; path = strutil.cc; sourceTree = "<group>"; };
		43998DB819865C28003C5793 /* strutil.h */ = {isa = PBXFileReference; fileEncoding = 4; lastKnownFileType = sourcecode.c.h; path = strutil.h; sourceTree = "<group>"; };
		43998DB919865C28003C5793 /* substitute.cc */ = {isa = PBXFileReference; fileEncoding = 4; lastKnownFileType = sourcecode.cpp.cpp; path = substitute.cc; sourceTree = "<group>"; };
		43998DBA19865C28003C5793 /* substitute.h */ = {isa = PBXFileReference; fileEncoding = 4; lastKnownFileType = sourcecode.c.h; path = substitute.h; sourceTree = "<group>"; };
		43998DBB19865C28003C5793 /* text_format.cc */ = {isa = PBXFileReference; fileEncoding = 4; lastKnownFileType = sourcecode.cpp.cpp; path = text_format.cc; sourceTree = "<group>"; };
		43998DBC19865C28003C5793 /* text_format.h */ = {isa = PBXFileReference; fileEncoding = 4; lastKnownFileType = sourcecode.c.h; path = text_format.h; sourceTree = "<group>"; };
		43998DBD19865C28003C5793 /* unknown_field_set.cc */ = {isa = PBXFileReference; fileEncoding = 4; lastKnownFileType = sourcecode.cpp.cpp; path = unknown_field_set.cc; sourceTree = "<group>"; };
		43998DBE19865C28003C5793 /* unknown_field_set.h */ = {isa = PBXFileReference; fileEncoding = 4; lastKnownFileType = sourcecode.c.h; path = unknown_field_set.h; sourceTree = "<group>"; };
		43998DBF19865C28003C5793 /* wire_format.cc */ = {isa = PBXFileReference; fileEncoding = 4; lastKnownFileType = sourcecode.cpp.cpp; path = wire_format.cc; sourceTree = "<group>"; };
		43998DC019865C28003C5793 /* wire_format.h */ = {isa = PBXFileReference; fileEncoding = 4; lastKnownFileType = sourcecode.c.h; path = wire_format.h; sourceTree = "<group>"; };
		43998DC119865C28003C5793 /* wire_format_lite.cc */ = {isa = PBXFileReference; fileEncoding = 4; lastKnownFileType = sourcecode.cpp.cpp; path = wire_format_lite.cc; sourceTree = "<group>"; };
		43998DC219865C28003C5793 /* wire_format_lite.h */ = {isa = PBXFileReference; fileEncoding = 4; lastKnownFileType = sourcecode.c.h; path = wire_format_lite.h; sourceTree = "<group>"; };
		43998DC319865C28003C5793 /* wire_format_lite_inl.h */ = {isa = PBXFileReference; fileEncoding = 4; lastKnownFileType = sourcecode.c.h; path = wire_format_lite_inl.h; sourceTree = "<group>"; };
		43998DE2198660B1003C5793 /* public.pb.cc */ = {isa = PBXFileReference; fileEncoding = 4; lastKnownFileType = sourcecode.cpp.cpp; path = public.pb.cc; sourceTree = "<group>"; };
		43998DE3198660B1003C5793 /* public.pb.h */ = {isa = PBXFileReference; fileEncoding = 4; lastKnownFileType = sourcecode.c.h; path = public.pb.h; sourceTree = "<group>"; };
		43998DE619866803003C5793 /* libz.1.2.5.dylib */ = {isa = PBXFileReference; lastKnownFileType = "compiled.mach-o.dylib"; name = libz.1.2.5.dylib; path = usr/lib/libz.1.2.5.dylib; sourceTree = SDKROOT; };
		43AE0040197913930062C9B4 /* assertions.h */ = {isa = PBXFileReference; fileEncoding = 4; lastKnownFileType = sourcecode.c.h; path = assertions.h; sourceTree = "<group>"; };
		43AE0041197913930062C9B4 /* autolink.h */ = {isa = PBXFileReference; fileEncoding = 4; lastKnownFileType = sourcecode.c.h; path = autolink.h; sourceTree = "<group>"; };
		43AE0042197913930062C9B4 /* config.h */ = {isa = PBXFileReference; fileEncoding = 4; lastKnownFileType = sourcecode.c.h; path = config.h; sourceTree = "<group>"; };
		43AE0043197913930062C9B4 /* features.h */ = {isa = PBXFileReference; fileEncoding = 4; lastKnownFileType = sourcecode.c.h; path = features.h; sourceTree = "<group>"; };
		43AE0044197913930062C9B4 /* forwards.h */ = {isa = PBXFileReference; fileEncoding = 4; lastKnownFileType = sourcecode.c.h; path = forwards.h; sourceTree = "<group>"; };
		43AE0045197913930062C9B4 /* json.h */ = {isa = PBXFileReference; fileEncoding = 4; lastKnownFileType = sourcecode.c.h; path = json.h; sourceTree = "<group>"; };
		43AE0046197913930062C9B4 /* reader.h */ = {isa = PBXFileReference; fileEncoding = 4; lastKnownFileType = sourcecode.c.h; path = reader.h; sourceTree = "<group>"; };
		43AE0047197913930062C9B4 /* value.h */ = {isa = PBXFileReference; fileEncoding = 4; lastKnownFileType = sourcecode.c.h; path = value.h; sourceTree = "<group>"; };
		43AE0048197913930062C9B4 /* writer.h */ = {isa = PBXFileReference; fileEncoding = 4; lastKnownFileType = sourcecode.c.h; path = writer.h; sourceTree = "<group>"; };
		43AE004A197913930062C9B4 /* json_batchallocator.h */ = {isa = PBXFileReference; fileEncoding = 4; lastKnownFileType = sourcecode.c.h; path = json_batchallocator.h; sourceTree = "<group>"; };
		43AE004B197913930062C9B4 /* json_internalarray.inl */ = {isa = PBXFileReference; fileEncoding = 4; lastKnownFileType = text; path = json_internalarray.inl; sourceTree = "<group>"; };
		43AE004C197913930062C9B4 /* json_internalmap.inl */ = {isa = PBXFileReference; fileEncoding = 4; lastKnownFileType = text; path = json_internalmap.inl; sourceTree = "<group>"; };
		43AE004D197913930062C9B4 /* json_reader.cpp */ = {isa = PBXFileReference; fileEncoding = 4; lastKnownFileType = sourcecode.cpp.cpp; path = json_reader.cpp; sourceTree = "<group>"; };
		43AE004E197913930062C9B4 /* json_tool.h */ = {isa = PBXFileReference; fileEncoding = 4; lastKnownFileType = sourcecode.c.h; path = json_tool.h; sourceTree = "<group>"; };
		43AE004F197913930062C9B4 /* json_value.cpp */ = {isa = PBXFileReference; fileEncoding = 4; lastKnownFileType = sourcecode.cpp.cpp; path = json_value.cpp; sourceTree = "<group>"; };
		43AE0050197913930062C9B4 /* json_valueiterator.inl */ = {isa = PBXFileReference; fileEncoding = 4; lastKnownFileType = text; path = json_valueiterator.inl; sourceTree = "<group>"; };
		43AE0051197913930062C9B4 /* json_writer.cpp */ = {isa = PBXFileReference; fileEncoding = 4; lastKnownFileType = sourcecode.cpp.cpp; path = json_writer.cpp; sourceTree = "<group>"; };
		43D6490A196E9797001944DC /* CoreAudio.framework */ = {isa = PBXFileReference; lastKnownFileType = wrapper.framework; name = CoreAudio.framework; path = System/Library/Frameworks/CoreAudio.framework; sourceTree = SDKROOT; };
/* End PBXFileReference section */

/* Begin PBXFrameworksBuildPhase section */
		435E03AB196E7D9F000C3012 /* Frameworks */ = {
			isa = PBXFrameworksBuildPhase;
			buildActionMask = 2147483647;
			files = (
				430079591973A705003DB064 /* CoreFoundation.framework in Frameworks */,
				435E03D8196E813C000C3012 /* AudioToolbox.framework in Frameworks */,
				435E03B2196E7D9F000C3012 /* Foundation.framework in Frameworks */,
				43998BAC1986363F003C5793 /* libwebsockets.a in Frameworks */,
			);
			runOnlyForDeploymentPostprocessing = 0;
		};
/* End PBXFrameworksBuildPhase section */

/* Begin PBXGroup section */
		430F16C0196F8D5F0083B252 /* Engine */ = {
			isa = PBXGroup;
			children = (
				430F16C1196F8D5F0083B252 /* adler32.cpp */,
				430F16C2196F8D5F0083B252 /* adler32.h */,
				430F16C5196F8D5F0083B252 /* CsvParser.cpp */,
				430F16C6196F8D5F0083B252 /* CsvParser.h */,
				430F16C7196F8D5F0083B252 /* DataStream.cpp */,
				430F16C8196F8D5F0083B252 /* DataStream.h */,
				430F16C9196F8D5F0083B252 /* Engine.h */,
				430F16CE196F8D5F0083B252 /* md5.cpp */,
				430F16CF196F8D5F0083B252 /* md5.h */,
				430F16D2196F8D5F0083B252 /* NetWorks.h */,
				430F16D3196F8D5F0083B252 /* public.cpp */,
				430F16D4196F8D5F0083B252 /* public.h */,
				430F16D5196F8D5F0083B252 /* Rect.cpp */,
				430F16D6196F8D5F0083B252 /* Rect.h */,
				430F16D7196F8D5F0083B252 /* RegExp.h */,
				430F16D8196F8D5F0083B252 /* StringUtil.cpp */,
				430F16D9196F8D5F0083B252 /* StringUtil.h */,
				430F16DA196F8D5F0083B252 /* SystemUtil.cpp */,
				430F16DB196F8D5F0083B252 /* SystemUtil.h */,
				430F16DC196F8D5F0083B252 /* template.h */,
				430F16DD196F8D5F0083B252 /* Vector2.h */,
				430F16DE196F8D5F0083B252 /* XmlParser.cpp */,
				430F16DF196F8D5F0083B252 /* XmlParser.h */,
				430F16E0196F8D5F0083B252 /* zCond.h */,
				430F16E1196F8D5F0083B252 /* zMutex.h */,
				430F16E2196F8D5F0083B252 /* zNoncopyable.h */,
				430F16E3196F8D5F0083B252 /* zRWLock.h */,
				430F16E4196F8D5F0083B252 /* zThread.cpp */,
				430F16E5196F8D5F0083B252 /* zThread.h */,
			);
			path = Engine;
			sourceTree = "<group>";
		};
		430F16F4196F8DC10083B252 /* tinyXml */ = {
			isa = PBXGroup;
			children = (
				430F16F5196F8DC10083B252 /* source */,
				430F16FA196F8DC10083B252 /* tinystr.h */,
				430F16FB196F8DC10083B252 /* tinyxml.h */,
			);
			path = tinyXml;
			sourceTree = "<group>";
		};
		430F16F5196F8DC10083B252 /* source */ = {
			isa = PBXGroup;
			children = (
				430F16F6196F8DC10083B252 /* tinystr.cpp */,
				430F16F7196F8DC10083B252 /* tinyxml.cpp */,
				430F16F8196F8DC10083B252 /* tinyxmlerror.cpp */,
				430F16F9196F8DC10083B252 /* tinyxmlparser.cpp */,
			);
			path = source;
			sourceTree = "<group>";
		};
		43247A3D1987333E00AF14C7 /* webrtc */ = {
			isa = PBXGroup;
			children = (
				433E66CC1987AAD10002AAC3 /* common_types.h */,
				433E66CD1987AAD10002AAC3 /* test */,
				433E66DD1987AAD10002AAC3 /* typedefs.h */,
				43247A3E1987333E00AF14C7 /* voice_engine */,
			);
			path = webrtc;
			sourceTree = "<group>";
		};
		43247A3E1987333E00AF14C7 /* voice_engine */ = {
			isa = PBXGroup;
			children = (
				43247A3F1987333E00AF14C7 /* include */,
			);
			path = voice_engine;
			sourceTree = "<group>";
		};
		43247A3F1987333E00AF14C7 /* include */ = {
			isa = PBXGroup;
			children = (
				43247A451987333E00AF14C7 /* voe_audio_processing.h */,
				43247A461987333E00AF14C7 /* voe_base.h */,
				43247A471987333E00AF14C7 /* voe_codec.h */,
				43247A481987333E00AF14C7 /* voe_dtmf.h */,
				43247A491987333E00AF14C7 /* voe_errors.h */,
				43247A4A1987333E00AF14C7 /* voe_external_media.h */,
				43247A4B1987333E00AF14C7 /* voe_file.h */,
				43247A4C1987333E00AF14C7 /* voe_hardware.h */,
				43247A4D1987333E00AF14C7 /* voe_neteq_stats.h */,
				43247A4E1987333E00AF14C7 /* voe_network.h */,
				43247A4F1987333E00AF14C7 /* voe_rtp_rtcp.h */,
				43247A501987333E00AF14C7 /* voe_video_sync.h */,
				43247A511987333E00AF14C7 /* voe_volume_control.h */,
			);
			path = include;
			sourceTree = "<group>";
		};
		43247A72198740EF00AF14C7 /* interface */ = {
			isa = PBXGroup;
			children = (
				43247A731987412100AF14C7 /* RTChatSdk.h */,
			);
			path = interface;
			sourceTree = "<group>";
		};
		433E66CD1987AAD10002AAC3 /* test */ = {
			isa = PBXGroup;
			children = (
				433E66CE1987AAD10002AAC3 /* channel_transport */,
			);
			path = test;
			sourceTree = "<group>";
		};
		433E66CE1987AAD10002AAC3 /* channel_transport */ = {
			isa = PBXGroup;
			children = (
				433E66CF1987AAD10002AAC3 /* channel_transport.cc */,
				433E66D01987AAD10002AAC3 /* include */,
				433E66D21987AAD10002AAC3 /* udp_socket_manager_posix.cc */,
				433E66D31987AAD10002AAC3 /* udp_socket_manager_posix.h */,
				433E66D41987AAD10002AAC3 /* udp_socket_manager_wrapper.cc */,
				433E66D51987AAD10002AAC3 /* udp_socket_manager_wrapper.h */,
				433E66D61987AAD10002AAC3 /* udp_socket_posix.cc */,
				433E66D71987AAD10002AAC3 /* udp_socket_posix.h */,
				433E66D81987AAD10002AAC3 /* udp_socket_wrapper.cc */,
				433E66D91987AAD10002AAC3 /* udp_socket_wrapper.h */,
				433E66DA1987AAD10002AAC3 /* udp_transport.h */,
				433E66DB1987AAD10002AAC3 /* udp_transport_impl.cc */,
				433E66DC1987AAD10002AAC3 /* udp_transport_impl.h */,
			);
			path = channel_transport;
			sourceTree = "<group>";
		};
		433E66D01987AAD10002AAC3 /* include */ = {
			isa = PBXGroup;
			children = (
				433E66D11987AAD10002AAC3 /* channel_transport.h */,
			);
			path = include;
			sourceTree = "<group>";
		};
		435E03A5196E7D9F000C3012 = {
			isa = PBXGroup;
			children = (
				435E03B3196E7D9F000C3012 /* RTChat */,
				435E03B0196E7D9F000C3012 /* Frameworks */,
				435E03AF196E7D9F000C3012 /* Products */,
			);
			sourceTree = "<group>";
		};
		435E03AF196E7D9F000C3012 /* Products */ = {
			isa = PBXGroup;
			children = (
				435E03AE196E7D9F000C3012 /* libRTChat.a */,
			);
			name = Products;
			sourceTree = "<group>";
		};
		435E03B0196E7D9F000C3012 /* Frameworks */ = {
			isa = PBXGroup;
			children = (
				433E67831987B2850002AAC3 /* libaudio_coding_module.a */,
				433E67841987B2850002AAC3 /* libaudio_conference_mixer.a */,
				433E67851987B2850002AAC3 /* libaudio_device.a */,
				433E67861987B2850002AAC3 /* libaudio_processing.a */,
				433E67871987B2850002AAC3 /* libbitrate_controller.a */,
				433E67881987B2850002AAC3 /* libCNG.a */,
				433E67891987B2850002AAC3 /* libcommon_audio.a */,
				433E678A1987B2850002AAC3 /* libG711.a */,
				433E678B1987B2850002AAC3 /* libG722.a */,
				433E678C1987B2850002AAC3 /* libiLBC.a */,
				433E678D1987B2850002AAC3 /* libiSAC.a */,
				433E678E1987B2850002AAC3 /* libmedia_file.a */,
				433E678F1987B2850002AAC3 /* libneteq.a */,
				433E67901987B2850002AAC3 /* libopus.a */,
				433E67911987B2850002AAC3 /* libPCM16B.a */,
				433E67921987B2850002AAC3 /* librtp_rtcp.a */,
				433E67931987B2850002AAC3 /* libsystem_wrappers.a */,
				433E67941987B2850002AAC3 /* libvoice_engine.a */,
				433E67951987B2850002AAC3 /* libwebrtc_base.a */,
				433E67961987B2850002AAC3 /* libwebrtc_utility.a */,
				43998DE619866803003C5793 /* libz.1.2.5.dylib */,
				430079581973A705003DB064 /* CoreFoundation.framework */,
				43D6490A196E9797001944DC /* CoreAudio.framework */,
				435E03D7196E813C000C3012 /* AudioToolbox.framework */,
				435E03B1196E7D9F000C3012 /* Foundation.framework */,
				435E03BF196E7D9F000C3012 /* XCTest.framework */,
				435E03C2196E7D9F000C3012 /* UIKit.framework */,
				435E03EE196E91AC000C3012 /* CoreGraphics.framework */,
			);
			name = Frameworks;
			sourceTree = "<group>";
		};
		435E03B3196E7D9F000C3012 /* RTChat */ = {
			isa = PBXGroup;
			children = (
				435E03DD196E8333000C3012 /* PublicUtility */,
				435E03D9196E828E000C3012 /* Classes */,
				435E03B4196E7D9F000C3012 /* Supporting Files */,
			);
			path = RTChat;
			sourceTree = "<group>";
		};
		435E03B4196E7D9F000C3012 /* Supporting Files */ = {
			isa = PBXGroup;
			children = (
				435E03B5196E7D9F000C3012 /* RTChat-Prefix.pch */,
			);
			name = "Supporting Files";
			sourceTree = "<group>";
		};
		435E03D9196E828E000C3012 /* Classes */ = {
			isa = PBXGroup;
			children = (
				43247A72198740EF00AF14C7 /* interface */,
				43247A3D1987333E00AF14C7 /* webrtc */,
				43998D7719865A99003C5793 /* NetProcess */,
				43998BB0198645EC003C5793 /* proto */,
				43AEFB761979013F0062C9B4 /* third_party */,
				430F16F4196F8DC10083B252 /* tinyXml */,
				430F16C0196F8D5F0083B252 /* Engine */,
				43998D72198656D3003C5793 /* netdatamanager.cpp */,
				43998D73198656D3003C5793 /* netdatamanager.h */,
				43247A74198741BC00AF14C7 /* RTChatSDKMain.cpp */,
				43247A75198741BC00AF14C7 /* RTChatSDKMain.h */,
				43998BAD198636DA003C5793 /* WebSocket.cpp */,
				43998BAE198636DA003C5793 /* WebSocket.h */,
				43247A521987339300AF14C7 /* MediaSample.cpp */,
				43247A531987339300AF14C7 /* MediaSample.h */,
			);
			path = Classes;
			sourceTree = "<group>";
		};
		435E03DD196E8333000C3012 /* PublicUtility */ = {
			isa = PBXGroup;
			children = (
				435E03DE196E8333000C3012 /* CADebugMacros.cpp */,
				435E03DF196E8333000C3012 /* CADebugMacros.h */,
				435E03E0196E8333000C3012 /* CAMath.h */,
				435E03E1196E8333000C3012 /* CAStreamBasicDescription.cpp */,
				435E03E2196E8333000C3012 /* CAStreamBasicDescription.h */,
				435E03E3196E8333000C3012 /* CAXException.cpp */,
				435E03E4196E8333000C3012 /* CAXException.h */,
			);
			path = PublicUtility;
			sourceTree = "<group>";
		};
		43998BA71986363F003C5793 /* libwebsocket */ = {
			isa = PBXGroup;
			children = (
				43998BA81986363F003C5793 /* include */,
				43998BAA1986363F003C5793 /* lib */,
			);
			path = libwebsocket;
			sourceTree = "<group>";
		};
		43998BA81986363F003C5793 /* include */ = {
			isa = PBXGroup;
			children = (
				43998BA91986363F003C5793 /* libwebsockets.h */,
			);
			path = include;
			sourceTree = "<group>";
		};
		43998BAA1986363F003C5793 /* lib */ = {
			isa = PBXGroup;
			children = (
				43998BAB1986363F003C5793 /* libwebsockets.a */,
			);
			path = lib;
			sourceTree = "<group>";
		};
		43998BB0198645EC003C5793 /* proto */ = {
			isa = PBXGroup;
			children = (
				43998DE2198660B1003C5793 /* public.pb.cc */,
				43998DE3198660B1003C5793 /* public.pb.h */,
				43998D6F198656B5003C5793 /* game.pb.cc */,
				43998D70198656B5003C5793 /* game.pb.h */,
			);
			path = proto;
			sourceTree = "<group>";
		};
		43998D7719865A99003C5793 /* NetProcess */ = {
			isa = PBXGroup;
			children = (
				43998D7E19865ABA003C5793 /* command.h */,
			);
			path = NetProcess;
			sourceTree = "<group>";
		};
		43998D7F19865C28003C5793 /* google */ = {
			isa = PBXGroup;
			children = (
				43998D8019865C28003C5793 /* protobuf */,
			);
			path = google;
			sourceTree = "<group>";
		};
		43998D8019865C28003C5793 /* protobuf */ = {
			isa = PBXGroup;
			children = (
				43998D8119865C28003C5793 /* config.h */,
				43998D8219865C28003C5793 /* descriptor.cc */,
				43998D8319865C28003C5793 /* descriptor.h */,
				43998D8419865C28003C5793 /* descriptor.pb.cc */,
				43998D8519865C28003C5793 /* descriptor.pb.h */,
				43998D8619865C28003C5793 /* descriptor.proto */,
				43998D8719865C28003C5793 /* descriptor_database.cc */,
				43998D8819865C28003C5793 /* descriptor_database.h */,
				43998D8919865C28003C5793 /* dynamic_message.cc */,
				43998D8A19865C28003C5793 /* dynamic_message.h */,
				43998D8B19865C28003C5793 /* extension_set.cc */,
				43998D8C19865C28003C5793 /* extension_set.h */,
				43998D8D19865C28003C5793 /* extension_set_heavy.cc */,
				43998D8E19865C28003C5793 /* generated_message_reflection.cc */,
				43998D8F19865C28003C5793 /* generated_message_reflection.h */,
				43998D9019865C28003C5793 /* generated_message_util.cc */,
				43998D9119865C28003C5793 /* generated_message_util.h */,
				43998D9219865C28003C5793 /* io */,
				43998DA319865C28003C5793 /* message.cc */,
				43998DA419865C28003C5793 /* message.h */,
				43998DA519865C28003C5793 /* message_lite.cc */,
				43998DA619865C28003C5793 /* message_lite.h */,
				43998DA719865C28003C5793 /* package_info.h */,
				43998DA819865C28003C5793 /* reflection_ops.cc */,
				43998DA919865C28003C5793 /* reflection_ops.h */,
				43998DAA19865C28003C5793 /* repeated_field.cc */,
				43998DAB19865C28003C5793 /* repeated_field.h */,
				43998DAC19865C28003C5793 /* service.cc */,
				43998DAD19865C28003C5793 /* service.h */,
				43998DAE19865C28003C5793 /* stubs */,
				43998DBB19865C28003C5793 /* text_format.cc */,
				43998DBC19865C28003C5793 /* text_format.h */,
				43998DBD19865C28003C5793 /* unknown_field_set.cc */,
				43998DBE19865C28003C5793 /* unknown_field_set.h */,
				43998DBF19865C28003C5793 /* wire_format.cc */,
				43998DC019865C28003C5793 /* wire_format.h */,
				43998DC119865C28003C5793 /* wire_format_lite.cc */,
				43998DC219865C28003C5793 /* wire_format_lite.h */,
				43998DC319865C28003C5793 /* wire_format_lite_inl.h */,
			);
			path = protobuf;
			sourceTree = "<group>";
		};
		43998D9219865C28003C5793 /* io */ = {
			isa = PBXGroup;
			children = (
				43998D9319865C28003C5793 /* coded_stream.cc */,
				43998D9419865C28003C5793 /* coded_stream.h */,
				43998D9519865C28003C5793 /* coded_stream_inl.h */,
				43998D9619865C28003C5793 /* gzip_stream.cc */,
				43998D9719865C28003C5793 /* gzip_stream.h */,
				43998D9819865C28003C5793 /* package_info.h */,
				43998D9919865C28003C5793 /* printer.cc */,
				43998D9A19865C28003C5793 /* printer.h */,
				43998D9B19865C28003C5793 /* tokenizer.cc */,
				43998D9C19865C28003C5793 /* tokenizer.h */,
				43998D9D19865C28003C5793 /* zero_copy_stream.cc */,
				43998D9E19865C28003C5793 /* zero_copy_stream.h */,
				43998D9F19865C28003C5793 /* zero_copy_stream_impl.cc */,
				43998DA019865C28003C5793 /* zero_copy_stream_impl.h */,
				43998DA119865C28003C5793 /* zero_copy_stream_impl_lite.cc */,
				43998DA219865C28003C5793 /* zero_copy_stream_impl_lite.h */,
			);
			path = io;
			sourceTree = "<group>";
		};
		43998DAE19865C28003C5793 /* stubs */ = {
			isa = PBXGroup;
			children = (
				43998DAF19865C28003C5793 /* common.cc */,
				43998DB019865C28003C5793 /* common.h */,
				43998DB119865C28003C5793 /* hash.h */,
				43998DB219865C28003C5793 /* map-util.h */,
				43998DB319865C28003C5793 /* once.cc */,
				43998DB419865C28003C5793 /* once.h */,
				43998DB519865C28003C5793 /* stl_util-inl.h */,
				43998DB619865C28003C5793 /* structurally_valid.cc */,
				43998DB719865C28003C5793 /* strutil.cc */,
				43998DB819865C28003C5793 /* strutil.h */,
				43998DB919865C28003C5793 /* substitute.cc */,
				43998DBA19865C28003C5793 /* substitute.h */,
			);
			path = stubs;
			sourceTree = "<group>";
		};
		43AE003E197913930062C9B4 /* jsoncpp */ = {
			isa = PBXGroup;
			children = (
				43AE003F197913930062C9B4 /* json */,
				43AE0049197913930062C9B4 /* lib_json */,
			);
			path = jsoncpp;
			sourceTree = "<group>";
		};
		43AE003F197913930062C9B4 /* json */ = {
			isa = PBXGroup;
			children = (
				43AE0040197913930062C9B4 /* assertions.h */,
				43AE0041197913930062C9B4 /* autolink.h */,
				43AE0042197913930062C9B4 /* config.h */,
				43AE0043197913930062C9B4 /* features.h */,
				43AE0044197913930062C9B4 /* forwards.h */,
				43AE0045197913930062C9B4 /* json.h */,
				43AE0046197913930062C9B4 /* reader.h */,
				43AE0047197913930062C9B4 /* value.h */,
				43AE0048197913930062C9B4 /* writer.h */,
			);
			path = json;
			sourceTree = "<group>";
		};
		43AE0049197913930062C9B4 /* lib_json */ = {
			isa = PBXGroup;
			children = (
				43AE004A197913930062C9B4 /* json_batchallocator.h */,
				43AE004B197913930062C9B4 /* json_internalarray.inl */,
				43AE004C197913930062C9B4 /* json_internalmap.inl */,
				43AE004D197913930062C9B4 /* json_reader.cpp */,
				43AE004E197913930062C9B4 /* json_tool.h */,
				43AE004F197913930062C9B4 /* json_value.cpp */,
				43AE0050197913930062C9B4 /* json_valueiterator.inl */,
				43AE0051197913930062C9B4 /* json_writer.cpp */,
			);
			path = lib_json;
			sourceTree = "<group>";
		};
		43AEFB761979013F0062C9B4 /* third_party */ = {
			isa = PBXGroup;
			children = (
				43998D7F19865C28003C5793 /* google */,
				43998BA71986363F003C5793 /* libwebsocket */,
				43AE003E197913930062C9B4 /* jsoncpp */,
			);
			path = third_party;
			sourceTree = "<group>";
		};
/* End PBXGroup section */

/* Begin PBXHeadersBuildPhase section */
		433E66C11987A2870002AAC3 /* Headers */ = {
			isa = PBXHeadersBuildPhase;
			buildActionMask = 2147483647;
			files = (
				433E66C31987A2A10002AAC3 /* RTChatSdk.h in Headers */,
				433E66E21987AAD10002AAC3 /* udp_socket_manager_posix.h in Headers */,
				433E66EB1987AAD10002AAC3 /* udp_transport_impl.h in Headers */,
				433E66E91987AAD10002AAC3 /* udp_transport.h in Headers */,
				433E66E01987AAD10002AAC3 /* channel_transport.h in Headers */,
				433E66DE1987AAD10002AAC3 /* common_types.h in Headers */,
				433E66EC1987AAD10002AAC3 /* typedefs.h in Headers */,
				433E66E81987AAD10002AAC3 /* udp_socket_wrapper.h in Headers */,
				433E66E41987AAD10002AAC3 /* udp_socket_manager_wrapper.h in Headers */,
				433E66E61987AAD10002AAC3 /* udp_socket_posix.h in Headers */,
			);
			runOnlyForDeploymentPostprocessing = 0;
		};
/* End PBXHeadersBuildPhase section */

/* Begin PBXNativeTarget section */
		435E03AD196E7D9F000C3012 /* RTChat */ = {
			isa = PBXNativeTarget;
			buildConfigurationList = 435E03D1196E7D9F000C3012 /* Build configuration list for PBXNativeTarget "RTChat" */;
			buildPhases = (
				435E03AA196E7D9F000C3012 /* Sources */,
				435E03AB196E7D9F000C3012 /* Frameworks */,
				435E03AC196E7D9F000C3012 /* CopyFiles */,
				433E66C11987A2870002AAC3 /* Headers */,
			);
			buildRules = (
			);
			dependencies = (
			);
			name = RTChat;
			productName = RTChat;
			productReference = 435E03AE196E7D9F000C3012 /* libRTChat.a */;
			productType = "com.apple.product-type.library.static";
		};
/* End PBXNativeTarget section */

/* Begin PBXProject section */
		435E03A6196E7D9F000C3012 /* Project object */ = {
			isa = PBXProject;
			attributes = {
				LastUpgradeCheck = 0510;
				ORGANIZATIONNAME = yunwei;
			};
			buildConfigurationList = 435E03A9196E7D9F000C3012 /* Build configuration list for PBXProject "RTChat" */;
			compatibilityVersion = "Xcode 3.2";
			developmentRegion = English;
			hasScannedForEncodings = 0;
			knownRegions = (
				en,
				Base,
			);
			mainGroup = 435E03A5196E7D9F000C3012;
			productRefGroup = 435E03AF196E7D9F000C3012 /* Products */;
			projectDirPath = "";
			projectRoot = "";
			targets = (
				435E03AD196E7D9F000C3012 /* RTChat */,
			);
		};
/* End PBXProject section */

/* Begin PBXSourcesBuildPhase section */
		435E03AA196E7D9F000C3012 /* Sources */ = {
			isa = PBXSourcesBuildPhase;
			buildActionMask = 2147483647;
			files = (
				43998DDA19865C28003C5793 /* structurally_valid.cc in Sources */,
				43998DCB19865C28003C5793 /* generated_message_util.cc in Sources */,
				43247A541987339300AF14C7 /* MediaSample.cpp in Sources */,
				43998DC819865C28003C5793 /* extension_set.cc in Sources */,
				43AE0052197913930062C9B4 /* json_reader.cpp in Sources */,
				430F16F2196F8D5F0083B252 /* XmlParser.cpp in Sources */,
				430F16E8196F8D5F0083B252 /* CsvParser.cpp in Sources */,
				43998DD419865C28003C5793 /* message_lite.cc in Sources */,
				43998DC919865C28003C5793 /* extension_set_heavy.cc in Sources */,
				43998DD219865C28003C5793 /* zero_copy_stream_impl_lite.cc in Sources */,
				430F16FF196F8DC10083B252 /* tinyxmlparser.cpp in Sources */,
				430F16E6196F8D5F0083B252 /* adler32.cpp in Sources */,
				43998DD619865C28003C5793 /* repeated_field.cc in Sources */,
				435E03E7196E8333000C3012 /* CAXException.cpp in Sources */,
				43998DDC19865C28003C5793 /* substitute.cc in Sources */,
				43998DD119865C28003C5793 /* zero_copy_stream_impl.cc in Sources */,
				43998DE019865C28003C5793 /* wire_format_lite.cc in Sources */,
				430F16FE196F8DC10083B252 /* tinyxmlerror.cpp in Sources */,
				433E66E71987AAD10002AAC3 /* udp_socket_wrapper.cc in Sources */,
				433E66E11987AAD10002AAC3 /* udp_socket_manager_posix.cc in Sources */,
				43998DDD19865C28003C5793 /* text_format.cc in Sources */,
				430F16EF196F8D5F0083B252 /* Rect.cpp in Sources */,
				43998DDF19865C28003C5793 /* wire_format.cc in Sources */,
				43998DCF19865C28003C5793 /* tokenizer.cc in Sources */,
				43998DCA19865C28003C5793 /* generated_message_reflection.cc in Sources */,
				43998DC419865C28003C5793 /* descriptor.cc in Sources */,
				43998DD919865C28003C5793 /* once.cc in Sources */,
				43998DCC19865C28003C5793 /* coded_stream.cc in Sources */,
				43AE0053197913930062C9B4 /* json_value.cpp in Sources */,
				43AE0054197913930062C9B4 /* json_writer.cpp in Sources */,
				43998DE4198660B1003C5793 /* public.pb.cc in Sources */,
				430F16F0196F8D5F0083B252 /* StringUtil.cpp in Sources */,
				43998DD819865C28003C5793 /* common.cc in Sources */,
				43998DCD19865C28003C5793 /* gzip_stream.cc in Sources */,
				435E03E5196E8333000C3012 /* CADebugMacros.cpp in Sources */,
				43998DC719865C28003C5793 /* dynamic_message.cc in Sources */,
				43998DCE19865C28003C5793 /* printer.cc in Sources */,
				430F16FD196F8DC10083B252 /* tinyxml.cpp in Sources */,
				430F16FC196F8DC10083B252 /* tinystr.cpp in Sources */,
				433E66E31987AAD10002AAC3 /* udp_socket_manager_wrapper.cc in Sources */,
				430F16F3196F8D5F0083B252 /* zThread.cpp in Sources */,
				43998D71198656B5003C5793 /* game.pb.cc in Sources */,
				433E66E51987AAD10002AAC3 /* udp_socket_posix.cc in Sources */,
				43998DC619865C28003C5793 /* descriptor_database.cc in Sources */,
				43998D751986570C003C5793 /* netdatamanager.cpp in Sources */,
				43998DC519865C28003C5793 /* descriptor.pb.cc in Sources */,
				43998DDE19865C28003C5793 /* unknown_field_set.cc in Sources */,
				435E03E6196E8333000C3012 /* CAStreamBasicDescription.cpp in Sources */,
				430F16E9196F8D5F0083B252 /* DataStream.cpp in Sources */,
				433E66DF1987AAD10002AAC3 /* channel_transport.cc in Sources */,
				43998DD519865C28003C5793 /* reflection_ops.cc in Sources */,
				43998DD319865C28003C5793 /* message.cc in Sources */,
				43247A7819876FC700AF14C7 /* RTChatSDKMain.cpp in Sources */,
				43998BAF198636DA003C5793 /* WebSocket.cpp in Sources */,
				43998DD019865C28003C5793 /* zero_copy_stream.cc in Sources */,
				430F16F1196F8D5F0083B252 /* SystemUtil.cpp in Sources */,
				433E66EA1987AAD10002AAC3 /* udp_transport_impl.cc in Sources */,
				43998DD719865C28003C5793 /* service.cc in Sources */,
				430F16EE196F8D5F0083B252 /* public.cpp in Sources */,
				430F16EC196F8D5F0083B252 /* md5.cpp in Sources */,
				43998DDB19865C28003C5793 /* strutil.cc in Sources */,
			);
			runOnlyForDeploymentPostprocessing = 0;
		};
/* End PBXSourcesBuildPhase section */

/* Begin XCBuildConfiguration section */
		435E03CF196E7D9F000C3012 /* Debug */ = {
			isa = XCBuildConfiguration;
			buildSettings = {
				ALWAYS_SEARCH_USER_PATHS = NO;
				CLANG_CXX_LANGUAGE_STANDARD = "gnu++0x";
				CLANG_CXX_LIBRARY = "libc++";
				CLANG_ENABLE_MODULES = YES;
				CLANG_ENABLE_OBJC_ARC = YES;
				CLANG_WARN_BOOL_CONVERSION = YES;
				CLANG_WARN_CONSTANT_CONVERSION = YES;
				CLANG_WARN_DIRECT_OBJC_ISA_USAGE = YES_ERROR;
				CLANG_WARN_EMPTY_BODY = YES;
				CLANG_WARN_ENUM_CONVERSION = YES;
				CLANG_WARN_INT_CONVERSION = YES;
				CLANG_WARN_OBJC_ROOT_CLASS = YES_ERROR;
				CLANG_WARN__DUPLICATE_METHOD_MATCH = YES;
				COPY_PHASE_STRIP = NO;
				GCC_C_LANGUAGE_STANDARD = gnu99;
				GCC_DYNAMIC_NO_PIC = NO;
				GCC_OPTIMIZATION_LEVEL = 0;
				GCC_PREPROCESSOR_DEFINITIONS = (
					"DEBUG=1",
					"$(inherited)",
				);
				GCC_SYMBOLS_PRIVATE_EXTERN = NO;
				GCC_WARN_64_TO_32_BIT_CONVERSION = YES;
				GCC_WARN_ABOUT_RETURN_TYPE = YES_ERROR;
				GCC_WARN_UNDECLARED_SELECTOR = YES;
				GCC_WARN_UNINITIALIZED_AUTOS = YES_AGGRESSIVE;
				GCC_WARN_UNUSED_FUNCTION = YES;
				GCC_WARN_UNUSED_VARIABLE = YES;
				IPHONEOS_DEPLOYMENT_TARGET = 7.1;
				ONLY_ACTIVE_ARCH = YES;
				SDKROOT = iphoneos;
			};
			name = Debug;
		};
		435E03D0196E7D9F000C3012 /* Release */ = {
			isa = XCBuildConfiguration;
			buildSettings = {
				ALWAYS_SEARCH_USER_PATHS = NO;
				CLANG_CXX_LANGUAGE_STANDARD = "gnu++0x";
				CLANG_CXX_LIBRARY = "libc++";
				CLANG_ENABLE_MODULES = YES;
				CLANG_ENABLE_OBJC_ARC = YES;
				CLANG_WARN_BOOL_CONVERSION = YES;
				CLANG_WARN_CONSTANT_CONVERSION = YES;
				CLANG_WARN_DIRECT_OBJC_ISA_USAGE = YES_ERROR;
				CLANG_WARN_EMPTY_BODY = YES;
				CLANG_WARN_ENUM_CONVERSION = YES;
				CLANG_WARN_INT_CONVERSION = YES;
				CLANG_WARN_OBJC_ROOT_CLASS = YES_ERROR;
				CLANG_WARN__DUPLICATE_METHOD_MATCH = YES;
				COPY_PHASE_STRIP = YES;
				ENABLE_NS_ASSERTIONS = NO;
				GCC_C_LANGUAGE_STANDARD = gnu99;
				GCC_WARN_64_TO_32_BIT_CONVERSION = YES;
				GCC_WARN_ABOUT_RETURN_TYPE = YES_ERROR;
				GCC_WARN_UNDECLARED_SELECTOR = YES;
				GCC_WARN_UNINITIALIZED_AUTOS = YES_AGGRESSIVE;
				GCC_WARN_UNUSED_FUNCTION = YES;
				GCC_WARN_UNUSED_VARIABLE = YES;
				IPHONEOS_DEPLOYMENT_TARGET = 7.1;
				SDKROOT = iphoneos;
				VALIDATE_PRODUCT = YES;
			};
			name = Release;
		};
		435E03D2196E7D9F000C3012 /* Debug */ = {
			isa = XCBuildConfiguration;
			buildSettings = {
				ALWAYS_SEARCH_USER_PATHS = YES;
				CLANG_CXX_LANGUAGE_STANDARD = "c++0x";
				CLANG_CXX_LIBRARY = "libc++";
				CLANG_ENABLE_MODULES = YES;
				CLANG_ENABLE_OBJC_ARC = NO;
				DSTROOT = /tmp/RTChat.dst;
				GCC_C_LANGUAGE_STANDARD = c99;
				GCC_ENABLE_TRIGRAPHS = NO;
				GCC_INLINES_ARE_PRIVATE_EXTERN = YES;
				GCC_INPUT_FILETYPE = automatic;
				GCC_PRECOMPILE_PREFIX_HEADER = YES;
				GCC_PREFIX_HEADER = "RTChat/RTChat-Prefix.pch";
				GCC_PREPROCESSOR_DEFINITIONS = (
					"DEBUG=1",
					HAVE_PTHREAD,
					HAVE_ZLIB,
					WEBRTC_IOS,
					WEBRTC_MAC,
					WEBRTC_POSIX,
				);
				GCC_USE_STANDARD_INCLUDE_SEARCHING = YES;
				GCC_VERSION = "";
				HEADER_SEARCH_PATHS = (
					"$(inherited)",
					/Applications/Xcode.app/Contents/Developer/Toolchains/XcodeDefault.xctoolchain/usr/include,
					"$(PROJECT_DIR)/RTChat/Classes",
					"$(PROJECT_DIR)/RTChat/Classes/third_party/jsoncpp",
					"$(PROJECT_DIR)/RTChat/Classes/third_party/nss/nspr/pr/include",
					"$(PROJECT_DIR)/RTChat/Classes/third_party",
				);
				LIBRARY_SEARCH_PATHS = (
					"$(inherited)",
					"$(PROJECT_DIR)/RTChat/Classes/third_party/libwebsocket/lib",
					"/Users/raymon_wang/Documents/Develop/RTChatApp/DerivedData/RTChatApp/Build/Products/Debug-iphoneos",
				);
				ONLY_ACTIVE_ARCH = YES;
				OTHER_CFLAGS = "";
				OTHER_LDFLAGS = "-ObjC";
				PRODUCT_NAME = "$(TARGET_NAME)";
				SDKROOT = iphoneos;
				SKIP_INSTALL = YES;
				USER_HEADER_SEARCH_PATHS = "";
			};
			name = Debug;
		};
		435E03D3196E7D9F000C3012 /* Release */ = {
			isa = XCBuildConfiguration;
			buildSettings = {
				ALWAYS_SEARCH_USER_PATHS = YES;
				CLANG_CXX_LANGUAGE_STANDARD = "c++0x";
				CLANG_CXX_LIBRARY = "libc++";
				CLANG_ENABLE_MODULES = YES;
				CLANG_ENABLE_OBJC_ARC = NO;
				DSTROOT = /tmp/RTChat.dst;
				GCC_C_LANGUAGE_STANDARD = c99;
				GCC_ENABLE_TRIGRAPHS = NO;
				GCC_INLINES_ARE_PRIVATE_EXTERN = YES;
				GCC_INPUT_FILETYPE = automatic;
				GCC_PRECOMPILE_PREFIX_HEADER = YES;
				GCC_PREFIX_HEADER = "RTChat/RTChat-Prefix.pch";
				GCC_PREPROCESSOR_DEFINITIONS = (
					NDEBUG,
					HAVE_PTHREAD,
					HAVE_ZLIB,
					WEBRTC_IOS,
					WEBRTC_MAC,
					WEBRTC_POSIX,
				);
				GCC_USE_STANDARD_INCLUDE_SEARCHING = YES;
				GCC_VERSION = "";
				HEADER_SEARCH_PATHS = (
					"$(inherited)",
					/Applications/Xcode.app/Contents/Developer/Toolchains/XcodeDefault.xctoolchain/usr/include,
					"$(PROJECT_DIR)/RTChat/Classes",
					"$(PROJECT_DIR)/RTChat/Classes/third_party/jsoncpp",
					"$(PROJECT_DIR)/RTChat/Classes/third_party/nss/nspr/pr/include",
					"$(PROJECT_DIR)/RTChat/Classes/third_party",
				);
				LIBRARY_SEARCH_PATHS = (
					"$(inherited)",
					"$(PROJECT_DIR)/RTChat/Classes/third_party/libwebsocket/lib",
					"/Users/raymon_wang/Documents/Develop/RTChatApp/DerivedData/RTChatApp/Build/Products/Debug-iphoneos",
				);
				OTHER_CFLAGS = "";
				OTHER_LDFLAGS = "-ObjC";
				PRODUCT_NAME = "$(TARGET_NAME)";
				SDKROOT = iphoneos;
				SKIP_INSTALL = YES;
				USER_HEADER_SEARCH_PATHS = "";
			};
			name = Release;
		};
/* End XCBuildConfiguration section */

/* Begin XCConfigurationList section */
		435E03A9196E7D9F000C3012 /* Build configuration list for PBXProject "RTChat" */ = {
			isa = XCConfigurationList;
			buildConfigurations = (
				435E03CF196E7D9F000C3012 /* Debug */,
				435E03D0196E7D9F000C3012 /* Release */,
			);
			defaultConfigurationIsVisible = 0;
			defaultConfigurationName = Release;
		};
		435E03D1196E7D9F000C3012 /* Build configuration list for PBXNativeTarget "RTChat" */ = {
			isa = XCConfigurationList;
			buildConfigurations = (
				435E03D2196E7D9F000C3012 /* Debug */,
				435E03D3196E7D9F000C3012 /* Release */,
			);
			defaultConfigurationIsVisible = 0;
			defaultConfigurationName = Release;
		};
/* End XCConfigurationList section */
	};
	rootObject = 435E03A6196E7D9F000C3012 /* Project object */;
}
